{
  "nodes": {
    "ani-cli": {
      "flake": false,
      "locked": {
        "lastModified": 1779526168,
        "narHash": "sha256-+fR46bWXJ58LkXFvWAO/LyCd5THi7oMcqmhRoCKBZfM=",
        "owner": "pystardust",
        "repo": "ani-cli",
        "rev": "b8032b72901721a1ce859ca2816e8e2c914bc616",
        "type": "github"
      },
      "original": {
        "owner": "pystardust",
        "repo": "ani-cli",
        "type": "github"
      }
    },
    "gemini-nvim": {
      "flake": false,
      "locked": {
        "lastModified": 1751310219,
        "narHash": "sha256-C4OI6NM+Bpa5WffmXY+tNLfuYyX0LNbmsAe9GDBRVCQ=",
        "owner": "marcinjahn",
        "repo": "gemini-cli.nvim",
        "rev": "c9fd62adda823628f5131a939d9c56ef7a898600",
        "type": "github"
      },
      "original": {
        "owner": "marcinjahn",
        "repo": "gemini-cli.nvim",
        "type": "github"
      }
    },
    "home-manager": {
      "inputs": {
        "nixpkgs": [
          "nixpkgs"
        ]
      },
      "locked": {
        "lastModified": 1779506708,
        "narHash": "sha256-QOD/CNm196nCJRheux/URi4/HE66fthdOMqCJoPP1Y0=",
        "owner": "nix-community",
        "repo": "home-manager",
        "rev": "3ee51fbdac8c8bdfe1e7e1fcaba6520a563f394f",
        "type": "github"
      },
      "original": {
        "owner": "nix-community",
        "ref": "release-25.11",
        "repo": "home-manager",
        "type": "github"
      }
    },
    "nixpkgs": {
      "locked": {
        "lastModified": 1779467186,
        "narHash": "sha256-nOesoDCiXcUftqbRBMz9tt4blI5PvljMWbm3kuCA+0s=",
        "owner": "nixos",
        "repo": "nixpkgs",
        "rev": "b77b3de8775677f84492abe84635f87b0e153f0f",
        "type": "github"
      },
      "original": {
        "owner": "nixos",
        "ref": "nixos-25.11",
        "repo": "nixpkgs",
        "type": "github"
      }
    },
    "nixpkgs-pinned": {
      "locked": {
        "lastModified": 1716914467,
        "narHash": "sha256-KkT6YM/yNQqirtYj/frn6RRakliB8RDvGqVGGaNhdcU=",
        "owner": "nixos",
        "repo": "nixpkgs",
        "rev": "4a3fc4cf736b7d2d288d7a8bf775ac8d4c0920b4",
        "type": "github"
      },
      "original": {
        "owner": "nixos",
        "repo": "nixpkgs",
        "rev": "4a3fc4cf736b7d2d288d7a8bf775ac8d4c0920b4",
        "type": "github"
      }
    },
    "nixpkgs-unstable": {
      "locked": {
        "lastModified": 1779508470,
        "narHash": "sha256-Ap9KJX+5xHIn3bPIpfNgT6MEXdAECECwo4/rmlQD74M=",
        "owner": "nixos",
        "repo": "nixpkgs",
        "rev": "29916453413845e54a65b8a1cf996842300cd299",
        "type": "github"
      },
      "original": {
        "owner": "nixos",
        "ref": "nixos-unstable",
        "repo": "nixpkgs",
        "type": "github"
      }
    },
    "root": {
      "inputs": {
        "ani-cli": "ani-cli",
        "gemini-nvim": "gemini-nvim",
        "home-manager": "home-manager",
        "nixpkgs": "nixpkgs",
        "nixpkgs-pinned": "nixpkgs-pinned",
        "nixpkgs-unstable": "nixpkgs-unstable",
        "senpai-dev-src": "senpai-dev-src",
        "senpai-src": "senpai-src",
        "sops-nix": "sops-nix"
      }
    },
    "senpai-dev-src": {
      "flake": false,
      "locked": {
        "lastModified": 1779924956,
        "narHash": "sha256-C95x3mwu8l1pOH2cG6u6c6jc4VaLls4IJnYTbeye9ZA=",
        "ref": "spell-checking",
        "rev": "1c13ac3afc4345a760562740e505adf633a00e87",
        "revCount": 675,
        "type": "git",
        "url": "file:///home/michael/git/sober-nix/packages/senpai"
      },
      "original": {
        "ref": "spell-checking",
        "type": "git",
        "url": "file:///home/michael/git/sober-nix/packages/senpai"
      }
    },
    "senpai-src": {
      "flake": false,
      "locked": {
        "lastModified": 1778760157,
        "narHash": "sha256-0g75ZoDLlvhRUUAJQouxl30sUU7naX5KL4y7lGOmpWo=",
        "ref": "master",
        "rev": "4b426b9c069b2567ae0bdcf9b9ad52a7c533aacb",
        "revCount": 674,
        "type": "git",
        "url": "https://git.sr.ht/~delthas/senpai"
      },
      "original": {
        "ref": "master",
        "type": "git",
        "url": "https://git.sr.ht/~delthas/senpai"
      }
    },
    "sops-nix": {
      "inputs": {
        "nixpkgs": [
          "nixpkgs"
        ]
      },
      "locked": {
        "lastModified": 1777944972,
        "narHash": "sha256-VfGRo1qTBKOe3s2gOv8LSoA6Fk19PvBlwQ1ECN0Evn8=",
        "owner": "Mic92",
        "repo": "sops-nix",
        "rev": "c591bf665727040c6cc5cb409079acb22dcce33c",
        "type": "github"
      },
      "original": {
        "owner": "Mic92",
        "repo": "sops-nix",
        "type": "github"
      }
    }
  },
  "root": "root",
  "version": 7
}
