{
  "nodes": {
    "ani-cli": {
      "flake": false,
      "locked": {
        "lastModified": 1779526168,
        "narHash": "sha256-+fR46bWXJ58LkXFvWAO/LyCd5THi7oMcqmhRoCKBZfM=",
        "owner": "pystardust",
        "repo": "ani-cli",
        "rev": "b8032b72901721a1ce859ca2816e8e2c914bc616",
        "type": "github"
      },
      "original": {
        "owner": "pystardust",
        "repo": "ani-cli",
        "type": "github"
      }
    },
    "gemini-nvim": {
      "flake": false,
      "locked": {
        "lastModified": 1751310219,
        "narHash": "sha256-C4OI6NM+Bpa5WffmXY+tNLfuYyX0LNbmsAe9GDBRVCQ=",
        "owner": "marcinjahn",
        "repo": "gemini-cli.nvim",
        "rev": "c9fd62adda823628f5131a939d9c56ef7a898600",
        "type": "github"
      },
      "original": {
        "owner": "marcinjahn",
        "repo": "gemini-cli.nvim",
        "type": "github"
      }
    },
    "home-manager": {
      "inputs": {
        "nixpkgs": [
          "nixpkgs"
        ]
      },
      "locked": {
        "lastModified": 1780361225,
        "narHash": "sha256-wnV9ttf4fPWNonBIQmvlrSlNpQYgx5HgWWd007mwIFA=",
        "owner": "nix-community",
        "repo": "home-manager",
        "rev": "e28654b71096e08c019d4861ca26acb646f583d8",
        "type": "github"
      },
      "original": {
        "owner": "nix-community",
        "ref": "release-26.05",
        "repo": "home-manager",
        "type": "github"
      }
    },
    "neomutt-src": {
      "flake": false,
      "locked": {
        "lastModified": 1777889206,
        "narHash": "sha256-PVcQjuUWK0QwcDIuKsHTMWFCpYLHBG/3Hr1IbLtlJbg=",
        "owner": "neomutt",
        "repo": "neomutt",
        "rev": "7d3b72510b78137331b95918ebf7f2cf2dc6badb",
        "type": "github"
      },
      "original": {
        "owner": "neomutt",
        "ref": "20260504",
        "repo": "neomutt",
        "type": "github"
      }
    },
    "nixpkgs": {
      "locked": {
        "lastModified": 1780453794,
        "narHash": "sha256-bXMRa9VTsHSPXL4Cw8R6JJLQeY3Y/IP4+YJCYVmQ7FY=",
        "owner": "nixos",
        "repo": "nixpkgs",
        "rev": "6b316287bae2ee04c9b93c8c858d930fd07d7338",
        "type": "github"
      },
      "original": {
        "owner": "nixos",
        "ref": "nixos-26.05",
        "repo": "nixpkgs",
        "type": "github"
      }
    },
    "nixpkgs-pinned": {
      "locked": {
        "lastModified": 1716914467,
        "narHash": "sha256-KkT6YM/yNQqirtYj/frn6RRakliB8RDvGqVGGaNhdcU=",
        "owner": "nixos",
        "repo": "nixpkgs",
        "rev": "4a3fc4cf736b7d2d288d7a8bf775ac8d4c0920b4",
        "type": "github"
      },
      "original": {
        "owner": "nixos",
        "repo": "nixpkgs",
        "rev": "4a3fc4cf736b7d2d288d7a8bf775ac8d4c0920b4",
        "type": "github"
      }
    },
    "nixpkgs-unstable": {
      "locked": {
        "lastModified": 1780243769,
        "narHash": "sha256-x5UQuRsH3MqI0U9afaXSNqzTPSeZlRLvFAav2Ux1pNw=",
        "owner": "nixos",
        "repo": "nixpkgs",
        "rev": "331800de5053fcebacf6813adb5db9c9dca22a0c",
        "type": "github"
      },
      "original": {
        "owner": "nixos",
        "ref": "nixos-unstable",
        "repo": "nixpkgs",
        "type": "github"
      }
    },
    "root": {
      "inputs": {
        "ani-cli": "ani-cli",
        "gemini-nvim": "gemini-nvim",
        "home-manager": "home-manager",
        "neomutt-src": "neomutt-src",
        "nixpkgs": "nixpkgs",
        "nixpkgs-pinned": "nixpkgs-pinned",
        "nixpkgs-unstable": "nixpkgs-unstable",
        "sops-nix": "sops-nix"
      }
    },
    "sops-nix": {
      "inputs": {
        "nixpkgs": [
          "nixpkgs"
        ]
      },
      "locked": {
        "lastModified": 1780547341,
        "narHash": "sha256-Gq8KNx5A7hBB3uGJaj6eQfLDIz5YdLu92gqBcvHvoUo=",
        "owner": "Mic92",
        "repo": "sops-nix",
        "rev": "9ed65852b6257fbeae4355bc24ecfea307ca759a",
        "type": "github"
      },
      "original": {
        "owner": "Mic92",
        "repo": "sops-nix",
        "type": "github"
      }
    }
  },
  "root": "root",
  "version": 7
}
